
Microsoft Visual Studio Solution File, Format Version 12.00
# Visual Studio Version 17
VisualStudioVersion = 17.4.33205.214
MinimumVisualStudioVersion = 10.0.40219.1
Project("{FAE04EC0-301F-11D3-BF4B-00C04F79EFBC}") = "CreateModelPlugin_Part2", "CreateModelPlugin_Part2\CreateModelPlugin_Part2.csproj", "{F1EF4643-468C-430F-A75E-C04F3812EC34}"
EndProject
Global
	GlobalSection(SolutionConfigurationPlatforms) = preSolution
		Debug|Any CPU = Debug|Any CPU
		Release|Any CPU = Release|Any CPU
	EndGlobalSection
	GlobalSection(ProjectConfigurationPlatforms) = postSolution
		{F1EF4643-468C-430F-A75E-C04F3812EC34}.Debug|Any CPU.ActiveCfg = Debug|Any CPU
		{F1EF4643-468C-430F-A75E-C04F3812EC34}.Debug|Any CPU.Build.0 = Debug|Any CPU
		{F1EF4643-468C-430F-A75E-C04F3812EC34}.Release|Any CPU.ActiveCfg = Release|Any CPU
		{F1EF4643-468C-430F-A75E-C04F3812EC34}.Release|Any CPU.Build.0 = Release|Any CPU
	EndGlobalSection
	GlobalSection(SolutionProperties) = preSolution
		HideSolutionNode = FALSE
	EndGlobalSection
	GlobalSection(ExtensibilityGlobals) = postSolution
		SolutionGuid = {6B9BF3EF-73DD-47F7-A158-32F620DC8F47}
	EndGlobalSection
EndGlobal
